
Microsoft Visual Studio Solution File, Format Version 12.00
# Visual Studio Version 17
VisualStudioVersion = 17.3.32901.215
MinimumVisualStudioVersion = 10.0.40219.1
Project("{9A19103F-16F7-4668-BE54-9A1E7A4F7556}") = "BST", "BST\BST.csproj", "{FA1EEE78-2349-4DBF-BDBE-0CCE1803AECB}"
EndProject
Project("{FAE04EC0-301F-11D3-BF4B-00C04F79EFBC}") = "BinaryHeap", "BinaryHeap\BinaryHeap.csproj", "{C74479B3-2E68-446C-992B-222343F4A7EA}"
EndProject
Global
	GlobalSection(SolutionConfigurationPlatforms) = preSolution
		Debug|Any CPU = Debug|Any CPU
		Release|Any CPU = Release|Any CPU
	EndGlobalSection
	GlobalSection(ProjectConfigurationPlatforms) = postSolution
		{FA1EEE78-2349-4DBF-BDBE-0CCE1803AECB}.Debug|Any CPU.ActiveCfg = Debug|Any CPU
		{FA1EEE78-2349-4DBF-BDBE-0CCE1803AECB}.Debug|Any CPU.Build.0 = Debug|Any CPU
		{FA1EEE78-2349-4DBF-BDBE-0CCE1803AECB}.Release|Any CPU.ActiveCfg = Release|Any CPU
		{FA1EEE78-2349-4DBF-BDBE-0CCE1803AECB}.Release|Any CPU.Build.0 = Release|Any CPU
		{C74479B3-2E68-446C-992B-222343F4A7EA}.Debug|Any CPU.ActiveCfg = Debug|Any CPU
		{C74479B3-2E68-446C-992B-222343F4A7EA}.Debug|Any CPU.Build.0 = Debug|Any CPU
		{C74479B3-2E68-446C-992B-222343F4A7EA}.Release|Any CPU.ActiveCfg = Release|Any CPU
		{C74479B3-2E68-446C-992B-222343F4A7EA}.Release|Any CPU.Build.0 = Release|Any CPU
	EndGlobalSection
	GlobalSection(SolutionProperties) = preSolution
		HideSolutionNode = FALSE
	EndGlobalSection
	GlobalSection(ExtensibilityGlobals) = postSolution
		SolutionGuid = {9D1CF249-7D88-4C02-A56A-CE17152C2D00}
	EndGlobalSection
EndGlobal
